
Microsoft Visual Studio Solution File, Format Version 12.00
# Visual Studio Version 16
VisualStudioVersion = 16.0.31729.503
MinimumVisualStudioVersion = 10.0.40219.1
Project("{FAE04EC0-301F-11D3-BF4B-00C04F79EFBC}") = "Lunguleasa-Eugen-Alexandru", "Lunguleasa-Eugen-Alexandru\Lunguleasa-Eugen-Alexandru.csproj", "{18C487EC-80F8-46D5-A502-F65CBD15C9C1}"
EndProject
Global
	GlobalSection(SolutionConfigurationPlatforms) = preSolution
		Debug|Any CPU = Debug|Any CPU
		Release|Any CPU = Release|Any CPU
	EndGlobalSection
	GlobalSection(ProjectConfigurationPlatforms) = postSolution
		{18C487EC-80F8-46D5-A502-F65CBD15C9C1}.Debug|Any CPU.ActiveCfg = Debug|Any CPU
		{18C487EC-80F8-46D5-A502-F65CBD15C9C1}.Debug|Any CPU.Build.0 = Debug|Any CPU
		{18C487EC-80F8-46D5-A502-F65CBD15C9C1}.Release|Any CPU.ActiveCfg = Release|Any CPU
		{18C487EC-80F8-46D5-A502-F65CBD15C9C1}.Release|Any CPU.Build.0 = Release|Any CPU
	EndGlobalSection
	GlobalSection(SolutionProperties) = preSolution
		HideSolutionNode = FALSE
	EndGlobalSection
	GlobalSection(ExtensibilityGlobals) = postSolution
		SolutionGuid = {26045E60-C44A-4F6A-9ACD-FEC12E5A433B}
	EndGlobalSection
EndGlobal
